
Microsoft Visual Studio Solution File, Format Version 12.00
# Visual Studio Version 16
VisualStudioVersion = 16.0.30204.135
MinimumVisualStudioVersion = 10.0.40219.1
Project("{FAE04EC0-301F-11D3-BF4B-00C04F79EFBC}") = "GSU.Museum.Android", "GSU.Museum\GSU.Museum.Android\GSU.Museum.Android.csproj", "{A5F59C1E-3D9D-444E-8C39-1254316760FD}"
EndProject
Project("{FAE04EC0-301F-11D3-BF4B-00C04F79EFBC}") = "GSU.Museum.iOS", "GSU.Museum\GSU.Museum.iOS\GSU.Museum.iOS.csproj", "{1738F70B-D013-4D9C-837E-CCED01C86AFD}"
EndProject
Project("{9A19103F-16F7-4668-BE54-9A1E7A4F7556}") = "GSU.Museum.Shared", "GSU.Museum\GSU.Museum\GSU.Museum.Shared.csproj", "{DEFE9FEC-E8F8-40E2-85DE-87DA5A9D364B}"
EndProject
Project("{9A19103F-16F7-4668-BE54-9A1E7A4F7556}") = "GSU.Museum.API", "GSU.Museum.API\GSU.Museum.API.csproj", "{CF048C43-07DD-4E06-8E8B-C9F34731D0AA}"
EndProject
Project("{9A19103F-16F7-4668-BE54-9A1E7A4F7556}") = "GSU.Museum.Web", "GSU.Museum.Web\GSU.Museum.Web.csproj", "{E698E50C-190A-48F2-91D8-147BDCA84F5E}"
EndProject
Project("{2150E333-8FDC-42A3-9474-1A3956D46DE8}") = "Tests", "Tests", "{C35CD4CB-FD97-4DA8-96CF-5589E2D2CA70}"
EndProject
Project("{9A19103F-16F7-4668-BE54-9A1E7A4F7556}") = "GSU.Museum.API.Tests", "GSU.Museum.API.Tests\GSU.Museum.API.Tests.csproj", "{AD21A358-6AEA-4387-98E3-A82B7D74DC24}"
EndProject
Project("{9A19103F-16F7-4668-BE54-9A1E7A4F7556}") = "GSU.Museum.CommonClassLibrary", "GSU.Museum.CommonClassLibrary\GSU.Museum.CommonClassLibrary.csproj", "{13F369F3-A40B-40E1-8A4D-11DEAA286454}"
EndProject
Global
	GlobalSection(SolutionConfigurationPlatforms) = preSolution
		Debug|Any CPU = Debug|Any CPU
		Debug|iPhone = Debug|iPhone
		Debug|iPhoneSimulator = Debug|iPhoneSimulator
		Release|Any CPU = Release|Any CPU
		Release|iPhone = Release|iPhone
		Release|iPhoneSimulator = Release|iPhoneSimulator
	EndGlobalSection
	GlobalSection(ProjectConfigurationPlatforms) = postSolution
		{A5F59C1E-3D9D-444E-8C39-1254316760FD}.Debug|Any CPU.ActiveCfg = Debug|Any CPU
		{A5F59C1E-3D9D-444E-8C39-1254316760FD}.Debug|Any CPU.Build.0 = Debug|Any CPU
		{A5F59C1E-3D9D-444E-8C39-1254316760FD}.Debug|Any CPU.Deploy.0 = Debug|Any CPU
		{A5F59C1E-3D9D-444E-8C39-1254316760FD}.Debug|iPhone.ActiveCfg = Debug|Any CPU
		{A5F59C1E-3D9D-444E-8C39-1254316760FD}.Debug|iPhone.Build.0 = Debug|Any CPU
		{A5F59C1E-3D9D-444E-8C39-1254316760FD}.Debug|iPhone.Deploy.0 = Debug|Any CPU
		{A5F59C1E-3D9D-444E-8C39-1254316760FD}.Debug|iPhoneSimulator.ActiveCfg = Debug|Any CPU
		{A5F59C1E-3D9D-444E-8C39-1254316760FD}.Debug|iPhoneSimulator.Build.0 = Debug|Any CPU
		{A5F59C1E-3D9D-444E-8C39-1254316760FD}.Debug|iPhoneSimulator.Deploy.0 = Debug|Any CPU
		{A5F59C1E-3D9D-444E-8C39-1254316760FD}.Release|Any CPU.ActiveCfg = Release|Any CPU
		{A5F59C1E-3D9D-444E-8C39-1254316760FD}.Release|Any CPU.Build.0 = Release|Any CPU
		{A5F59C1E-3D9D-444E-8C39-1254316760FD}.Release|Any CPU.Deploy.0 = Release|Any CPU
		{A5F59C1E-3D9D-444E-8C39-1254316760FD}.Release|iPhone.ActiveCfg = Release|Any CPU
		{A5F59C1E-3D9D-444E-8C39-1254316760FD}.Release|iPhone.Build.0 = Release|Any CPU
		{A5F59C1E-3D9D-444E-8C39-1254316760FD}.Release|iPhone.Deploy.0 = Release|Any CPU
		{A5F59C1E-3D9D-444E-8C39-1254316760FD}.Release|iPhoneSimulator.ActiveCfg = Release|Any CPU
		{A5F59C1E-3D9D-444E-8C39-1254316760FD}.Release|iPhoneSimulator.Build.0 = Release|Any CPU
		{A5F59C1E-3D9D-444E-8C39-1254316760FD}.Release|iPhoneSimulator.Deploy.0 = Release|Any CPU
		{1738F70B-D013-4D9C-837E-CCED01C86AFD}.Debug|Any CPU.ActiveCfg = Debug|iPhone
		{1738F70B-D013-4D9C-837E-CCED01C86AFD}.Debug|Any CPU.Build.0 = Debug|iPhone
		{1738F70B-D013-4D9C-837E-CCED01C86AFD}.Debug|Any CPU.Deploy.0 = Debug|iPhone
		{1738F70B-D013-4D9C-837E-CCED01C86AFD}.Debug|iPhone.ActiveCfg = Debug|iPhone
		{1738F70B-D013-4D9C-837E-CCED01C86AFD}.Debug|iPhone.Build.0 = Debug|iPhone
		{1738F70B-D013-4D9C-837E-CCED01C86AFD}.Debug|iPhone.Deploy.0 = Debug|iPhone
		{1738F70B-D013-4D9C-837E-CCED01C86AFD}.Debug|iPhoneSimulator.ActiveCfg = Debug|iPhoneSimulator
		{1738F70B-D013-4D9C-837E-CCED01C86AFD}.Debug|iPhoneSimulator.Build.0 = Debug|iPhoneSimulator
		{1738F70B-D013-4D9C-837E-CCED01C86AFD}.Debug|iPhoneSimulator.Deploy.0 = Debug|iPhoneSimulator
		{1738F70B-D013-4D9C-837E-CCED01C86AFD}.Release|Any CPU.ActiveCfg = Release|iPhone
		{1738F70B-D013-4D9C-837E-CCED01C86AFD}.Release|Any CPU.Build.0 = Release|iPhone
		{1738F70B-D013-4D9C-837E-CCED01C86AFD}.Release|Any CPU.Deploy.0 = Release|iPhone
		{1738F70B-D013-4D9C-837E-CCED01C86AFD}.Release|iPhone.ActiveCfg = Release|iPhone
		{1738F70B-D013-4D9C-837E-CCED01C86AFD}.Release|iPhone.Build.0 = Release|iPhone
		{1738F70B-D013-4D9C-837E-CCED01C86AFD}.Release|iPhone.Deploy.0 = Release|iPhone
		{1738F70B-D013-4D9C-837E-CCED01C86AFD}.Release|iPhoneSimulator.ActiveCfg = Release|iPhoneSimulator
		{1738F70B-D013-4D9C-837E-CCED01C86AFD}.Release|iPhoneSimulator.Build.0 = Release|iPhoneSimulator
		{1738F70B-D013-4D9C-837E-CCED01C86AFD}.Release|iPhoneSimulator.Deploy.0 = Release|iPhoneSimulator
		{DEFE9FEC-E8F8-40E2-85DE-87DA5A9D364B}.Debug|Any CPU.ActiveCfg = Debug|Any CPU
		{DEFE9FEC-E8F8-40E2-85DE-87DA5A9D364B}.Debug|Any CPU.Build.0 = Debug|Any CPU
		{DEFE9FEC-E8F8-40E2-85DE-87DA5A9D364B}.Debug|Any CPU.Deploy.0 = Debug|Any CPU
		{DEFE9FEC-E8F8-40E2-85DE-87DA5A9D364B}.Debug|iPhone.ActiveCfg = Debug|Any CPU
		{DEFE9FEC-E8F8-40E2-85DE-87DA5A9D364B}.Debug|iPhone.Build.0 = Debug|Any CPU
		{DEFE9FEC-E8F8-40E2-85DE-87DA5A9D364B}.Debug|iPhone.Deploy.0 = Debug|Any CPU
		{DEFE9FEC-E8F8-40E2-85DE-87DA5A9D364B}.Debug|iPhoneSimulator.ActiveCfg = Debug|Any CPU
		{DEFE9FEC-E8F8-40E2-85DE-87DA5A9D364B}.Debug|iPhoneSimulator.Build.0 = Debug|Any CPU
		{DEFE9FEC-E8F8-40E2-85DE-87DA5A9D364B}.Debug|iPhoneSimulator.Deploy.0 = Debug|Any CPU
		{DEFE9FEC-E8F8-40E2-85DE-87DA5A9D364B}.Release|Any CPU.ActiveCfg = Release|Any CPU
		{DEFE9FEC-E8F8-40E2-85DE-87DA5A9D364B}.Release|Any CPU.Build.0 = Release|Any CPU
		{DEFE9FEC-E8F8-40E2-85DE-87DA5A9D364B}.Release|Any CPU.Deploy.0 = Release|Any CPU
		{DEFE9FEC-E8F8-40E2-85DE-87DA5A9D364B}.Release|iPhone.ActiveCfg = Release|Any CPU
		{DEFE9FEC-E8F8-40E2-85DE-87DA5A9D364B}.Release|iPhone.Build.0 = Release|Any CPU
		{DEFE9FEC-E8F8-40E2-85DE-87DA5A9D364B}.Release|iPhone.Deploy.0 = Release|Any CPU
		{DEFE9FEC-E8F8-40E2-85DE-87DA5A9D364B}.Release|iPhoneSimulator.ActiveCfg = Release|Any CPU
		{DEFE9FEC-E8F8-40E2-85DE-87DA5A9D364B}.Release|iPhoneSimulator.Build.0 = Release|Any CPU
		{DEFE9FEC-E8F8-40E2-85DE-87DA5A9D364B}.Release|iPhoneSimulator.Deploy.0 = Release|Any CPU
		{CF048C43-07DD-4E06-8E8B-C9F34731D0AA}.Debug|Any CPU.ActiveCfg = Debug|Any CPU
		{CF048C43-07DD-4E06-8E8B-C9F34731D0AA}.Debug|Any CPU.Build.0 = Debug|Any CPU
		{CF048C43-07DD-4E06-8E8B-C9F34731D0AA}.Debug|iPhone.ActiveCfg = Debug|Any CPU
		{CF048C43-07DD-4E06-8E8B-C9F34731D0AA}.Debug|iPhone.Build.0 = Debug|Any CPU
		{CF048C43-07DD-4E06-8E8B-C9F34731D0AA}.Debug|iPhoneSimulator.ActiveCfg = Debug|Any CPU
		{CF048C43-07DD-4E06-8E8B-C9F34731D0AA}.Debug|iPhoneSimulator.Build.0 = Debug|Any CPU
		{CF048C43-07DD-4E06-8E8B-C9F34731D0AA}.Release|Any CPU.ActiveCfg = Release|Any CPU
		{CF048C43-07DD-4E06-8E8B-C9F34731D0AA}.Release|Any CPU.Build.0 = Release|Any CPU
		{CF048C43-07DD-4E06-8E8B-C9F34731D0AA}.Release|iPhone.ActiveCfg = Release|Any CPU
		{CF048C43-07DD-4E06-8E8B-C9F34731D0AA}.Release|iPhone.Build.0 = Release|Any CPU
		{CF048C43-07DD-4E06-8E8B-C9F34731D0AA}.Release|iPhoneSimulator.ActiveCfg = Release|Any CPU
		{CF048C43-07DD-4E06-8E8B-C9F34731D0AA}.Release|iPhoneSimulator.Build.0 = Release|Any CPU
		{E698E50C-190A-48F2-91D8-147BDCA84F5E}.Debug|Any CPU.ActiveCfg = Debug|Any CPU
		{E698E50C-190A-48F2-91D8-147BDCA84F5E}.Debug|Any CPU.Build.0 = Debug|Any CPU
		{E698E50C-190A-48F2-91D8-147BDCA84F5E}.Debug|iPhone.ActiveCfg = Debug|Any CPU
		{E698E50C-190A-48F2-91D8-147BDCA84F5E}.Debug|iPhone.Build.0 = Debug|Any CPU
		{E698E50C-190A-48F2-91D8-147BDCA84F5E}.Debug|iPhoneSimulator.ActiveCfg = Debug|Any CPU
		{E698E50C-190A-48F2-91D8-147BDCA84F5E}.Debug|iPhoneSimulator.Build.0 = Debug|Any CPU
		{E698E50C-190A-48F2-91D8-147BDCA84F5E}.Release|Any CPU.ActiveCfg = Release|Any CPU
		{E698E50C-190A-48F2-91D8-147BDCA84F5E}.Release|Any CPU.Build.0 = Release|Any CPU
		{E698E50C-190A-48F2-91D8-147BDCA84F5E}.Release|iPhone.ActiveCfg = Release|Any CPU
		{E698E50C-190A-48F2-91D8-147BDCA84F5E}.Release|iPhone.Build.0 = Release|Any CPU
		{E698E50C-190A-48F2-91D8-147BDCA84F5E}.Release|iPhoneSimulator.ActiveCfg = Release|Any CPU
		{E698E50C-190A-48F2-91D8-147BDCA84F5E}.Release|iPhoneSimulator.Build.0 = Release|Any CPU
		{AD21A358-6AEA-4387-98E3-A82B7D74DC24}.Debug|Any CPU.ActiveCfg = Debug|Any CPU
		{AD21A358-6AEA-4387-98E3-A82B7D74DC24}.Debug|Any CPU.Build.0 = Debug|Any CPU
		{AD21A358-6AEA-4387-98E3-A82B7D74DC24}.Debug|iPhone.ActiveCfg = Debug|Any CPU
		{AD21A358-6AEA-4387-98E3-A82B7D74DC24}.Debug|iPhone.Build.0 = Debug|Any CPU
		{AD21A358-6AEA-4387-98E3-A82B7D74DC24}.Debug|iPhoneSimulator.ActiveCfg = Debug|Any CPU
		{AD21A358-6AEA-4387-98E3-A82B7D74DC24}.Debug|iPhoneSimulator.Build.0 = Debug|Any CPU
		{AD21A358-6AEA-4387-98E3-A82B7D74DC24}.Release|Any CPU.ActiveCfg = Release|Any CPU
		{AD21A358-6AEA-4387-98E3-A82B7D74DC24}.Release|Any CPU.Build.0 = Release|Any CPU
		{AD21A358-6AEA-4387-98E3-A82B7D74DC24}.Release|iPhone.ActiveCfg = Release|Any CPU
		{AD21A358-6AEA-4387-98E3-A82B7D74DC24}.Release|iPhone.Build.0 = Release|Any CPU
		{AD21A358-6AEA-4387-98E3-A82B7D74DC24}.Release|iPhoneSimulator.ActiveCfg = Release|Any CPU
		{AD21A358-6AEA-4387-98E3-A82B7D74DC24}.Release|iPhoneSimulator.Build.0 = Release|Any CPU
		{13F369F3-A40B-40E1-8A4D-11DEAA286454}.Debug|Any CPU.ActiveCfg = Debug|Any CPU
		{13F369F3-A40B-40E1-8A4D-11DEAA286454}.Debug|Any CPU.Build.0 = Debug|Any CPU
		{13F369F3-A40B-40E1-8A4D-11DEAA286454}.Debug|iPhone.ActiveCfg = Debug|Any CPU
		{13F369F3-A40B-40E1-8A4D-11DEAA286454}.Debug|iPhone.Build.0 = Debug|Any CPU
		{13F369F3-A40B-40E1-8A4D-11DEAA286454}.Debug|iPhoneSimulator.ActiveCfg = Debug|Any CPU
		{13F369F3-A40B-40E1-8A4D-11DEAA286454}.Debug|iPhoneSimulator.Build.0 = Debug|Any CPU
		{13F369F3-A40B-40E1-8A4D-11DEAA286454}.Release|Any CPU.ActiveCfg = Release|Any CPU
		{13F369F3-A40B-40E1-8A4D-11DEAA286454}.Release|Any CPU.Build.0 = Release|Any CPU
		{13F369F3-A40B-40E1-8A4D-11DEAA286454}.Release|iPhone.ActiveCfg = Release|Any CPU
		{13F369F3-A40B-40E1-8A4D-11DEAA286454}.Release|iPhone.Build.0 = Release|Any CPU
		{13F369F3-A40B-40E1-8A4D-11DEAA286454}.Release|iPhoneSimulator.ActiveCfg = Release|Any CPU
		{13F369F3-A40B-40E1-8A4D-11DEAA286454}.Release|iPhoneSimulator.Build.0 = Release|Any CPU
	EndGlobalSection
	GlobalSection(SolutionProperties) = preSolution
		HideSolutionNode = FALSE
	EndGlobalSection
	GlobalSection(NestedProjects) = preSolution
		{AD21A358-6AEA-4387-98E3-A82B7D74DC24} = {C35CD4CB-FD97-4DA8-96CF-5589E2D2CA70}
	EndGlobalSection
	GlobalSection(ExtensibilityGlobals) = postSolution
		SolutionGuid = {67B26107-F819-44AA-B985-7AA3EA78D2B4}
	EndGlobalSection
EndGlobal
